dependencies:
- name: postgres
  repository: file://../postgres
  version: 0.1.0
- name: vshnPostgres
  repository: file://../vshnPostgres
  version: 0.1.0
- name: postgresql
  repository: https://charts.bitnami.com/bitnami
  version: 16.7.21
- name: cloudnative-pg
  repository: https://cloudnative-pg.github.io/charts
  version: 0.25.0
digest: sha256:f4f0cda4effdc95b608e0793d73d45b6fa40d98a1c7529595b6b91310e607353
generated: "2025-08-13T09:58:23.767487855+02:00"
